
Microsoft Visual Studio Solution File, Format Version 12.00
# Visual Studio Version 17
VisualStudioVersion = 17.8.34322.80
MinimumVisualStudioVersion = 10.0.40219.1
Project("{8BC9CEB8-8B4A-11D0-8D11-00A0C91BC942}") = "sshfs", "sshfs.vcxproj", "{45A80DCF-DE17-477A-B60B-133857029CF3}"
EndProject
Project("{8BC9CEB8-8B4A-11D0-8D11-00A0C91BC942}") = "glib", "glib\visual-studio\glib.vcxproj", "{BEE4FD45-97B1-465B-8319-14C399194883}"
EndProject
Project("{8BC9CEB8-8B4A-11D0-8D11-00A0C91BC942}") = "windows-libc", "windows-libc\windows-libc.vcxproj", "{A58697BE-9715-47B9-A25C-FFD1F883728B}"
EndProject
Project("{8BC9CEB8-8B4A-11D0-8D11-00A0C91BC942}") = "winfsp.dll", "winfsp\build\VStudio\winfsp_dll.vcxproj", "{4A7C0B21-9E10-4C81-92DE-1493EFCF24EB}"
EndProject
Project("{8BC9CEB8-8B4A-11D0-8D11-00A0C91BC942}") = "winfsp.sys", "winfsp\build\VStudio\winfsp_sys.vcxproj", "{C85C26BA-8C22-4D30-83DA-46C3548E6332}"
EndProject
Global
	GlobalSection(SolutionConfigurationPlatforms) = preSolution
		Debug|ARM64 = Debug|ARM64
		Debug|x64 = Debug|x64
		Debug|x86 = Debug|x86
		Release|ARM64 = Release|ARM64
		Release|x64 = Release|x64
		Release|x86 = Release|x86
	EndGlobalSection
	GlobalSection(ProjectConfigurationPlatforms) = postSolution
		{45A80DCF-DE17-477A-B60B-133857029CF3}.Debug|ARM64.ActiveCfg = Debug|x64
		{45A80DCF-DE17-477A-B60B-133857029CF3}.Debug|ARM64.Build.0 = Debug|x64
		{45A80DCF-DE17-477A-B60B-133857029CF3}.Debug|x64.ActiveCfg = Debug|x64
		{45A80DCF-DE17-477A-B60B-133857029CF3}.Debug|x64.Build.0 = Debug|x64
		{45A80DCF-DE17-477A-B60B-133857029CF3}.Debug|x86.ActiveCfg = Debug|Win32
		{45A80DCF-DE17-477A-B60B-133857029CF3}.Debug|x86.Build.0 = Debug|Win32
		{45A80DCF-DE17-477A-B60B-133857029CF3}.Release|ARM64.ActiveCfg = Release|x64
		{45A80DCF-DE17-477A-B60B-133857029CF3}.Release|ARM64.Build.0 = Release|x64
		{45A80DCF-DE17-477A-B60B-133857029CF3}.Release|x64.ActiveCfg = Release|x64
		{45A80DCF-DE17-477A-B60B-133857029CF3}.Release|x64.Build.0 = Release|x64
		{45A80DCF-DE17-477A-B60B-133857029CF3}.Release|x86.ActiveCfg = Release|Win32
		{45A80DCF-DE17-477A-B60B-133857029CF3}.Release|x86.Build.0 = Release|Win32
		{BEE4FD45-97B1-465B-8319-14C399194883}.Debug|ARM64.ActiveCfg = Debug|x64
		{BEE4FD45-97B1-465B-8319-14C399194883}.Debug|ARM64.Build.0 = Debug|x64
		{BEE4FD45-97B1-465B-8319-14C399194883}.Debug|x64.ActiveCfg = Debug|x64
		{BEE4FD45-97B1-465B-8319-14C399194883}.Debug|x64.Build.0 = Debug|x64
		{BEE4FD45-97B1-465B-8319-14C399194883}.Debug|x86.ActiveCfg = Debug|Win32
		{BEE4FD45-97B1-465B-8319-14C399194883}.Debug|x86.Build.0 = Debug|Win32
		{BEE4FD45-97B1-465B-8319-14C399194883}.Release|ARM64.ActiveCfg = Release|x64
		{BEE4FD45-97B1-465B-8319-14C399194883}.Release|ARM64.Build.0 = Release|x64
		{BEE4FD45-97B1-465B-8319-14C399194883}.Release|x64.ActiveCfg = Release|x64
		{BEE4FD45-97B1-465B-8319-14C399194883}.Release|x64.Build.0 = Release|x64
		{BEE4FD45-97B1-465B-8319-14C399194883}.Release|x86.ActiveCfg = Release|Win32
		{BEE4FD45-97B1-465B-8319-14C399194883}.Release|x86.Build.0 = Release|Win32
		{A58697BE-9715-47B9-A25C-FFD1F883728B}.Debug|ARM64.ActiveCfg = Debug|x64
		{A58697BE-9715-47B9-A25C-FFD1F883728B}.Debug|ARM64.Build.0 = Debug|x64
		{A58697BE-9715-47B9-A25C-FFD1F883728B}.Debug|x64.ActiveCfg = Debug|x64
		{A58697BE-9715-47B9-A25C-FFD1F883728B}.Debug|x64.Build.0 = Debug|x64
		{A58697BE-9715-47B9-A25C-FFD1F883728B}.Debug|x86.ActiveCfg = Debug|Win32
		{A58697BE-9715-47B9-A25C-FFD1F883728B}.Debug|x86.Build.0 = Debug|Win32
		{A58697BE-9715-47B9-A25C-FFD1F883728B}.Release|ARM64.ActiveCfg = Release|x64
		{A58697BE-9715-47B9-A25C-FFD1F883728B}.Release|ARM64.Build.0 = Release|x64
		{A58697BE-9715-47B9-A25C-FFD1F883728B}.Release|x64.ActiveCfg = Release|x64
		{A58697BE-9715-47B9-A25C-FFD1F883728B}.Release|x64.Build.0 = Release|x64
		{A58697BE-9715-47B9-A25C-FFD1F883728B}.Release|x86.ActiveCfg = Release|Win32
		{A58697BE-9715-47B9-A25C-FFD1F883728B}.Release|x86.Build.0 = Release|Win32
		{4A7C0B21-9E10-4C81-92DE-1493EFCF24EB}.Debug|ARM64.ActiveCfg = Debug|ARM64
		{4A7C0B21-9E10-4C81-92DE-1493EFCF24EB}.Debug|ARM64.Build.0 = Debug|ARM64
		{4A7C0B21-9E10-4C81-92DE-1493EFCF24EB}.Debug|x64.ActiveCfg = Debug|x64
		{4A7C0B21-9E10-4C81-92DE-1493EFCF24EB}.Debug|x64.Build.0 = Debug|x64
		{4A7C0B21-9E10-4C81-92DE-1493EFCF24EB}.Debug|x86.ActiveCfg = Debug|Win32
		{4A7C0B21-9E10-4C81-92DE-1493EFCF24EB}.Debug|x86.Build.0 = Debug|Win32
		{4A7C0B21-9E10-4C81-92DE-1493EFCF24EB}.Release|ARM64.ActiveCfg = Release|ARM64
		{4A7C0B21-9E10-4C81-92DE-1493EFCF24EB}.Release|ARM64.Build.0 = Release|ARM64
		{4A7C0B21-9E10-4C81-92DE-1493EFCF24EB}.Release|x64.ActiveCfg = Release|x64
		{4A7C0B21-9E10-4C81-92DE-1493EFCF24EB}.Release|x64.Build.0 = Release|x64
		{4A7C0B21-9E10-4C81-92DE-1493EFCF24EB}.Release|x86.ActiveCfg = Release|Win32
		{4A7C0B21-9E10-4C81-92DE-1493EFCF24EB}.Release|x86.Build.0 = Release|Win32
		{C85C26BA-8C22-4D30-83DA-46C3548E6332}.Debug|ARM64.ActiveCfg = Debug|ARM64
		{C85C26BA-8C22-4D30-83DA-46C3548E6332}.Debug|ARM64.Build.0 = Debug|ARM64
		{C85C26BA-8C22-4D30-83DA-46C3548E6332}.Debug|x64.ActiveCfg = Debug|x64
		{C85C26BA-8C22-4D30-83DA-46C3548E6332}.Debug|x64.Build.0 = Debug|x64
		{C85C26BA-8C22-4D30-83DA-46C3548E6332}.Debug|x86.ActiveCfg = Debug|Win32
		{C85C26BA-8C22-4D30-83DA-46C3548E6332}.Debug|x86.Build.0 = Debug|Win32
		{C85C26BA-8C22-4D30-83DA-46C3548E6332}.Release|ARM64.ActiveCfg = Release|ARM64
		{C85C26BA-8C22-4D30-83DA-46C3548E6332}.Release|ARM64.Build.0 = Release|ARM64
		{C85C26BA-8C22-4D30-83DA-46C3548E6332}.Release|x64.ActiveCfg = Release|x64
		{C85C26BA-8C22-4D30-83DA-46C3548E6332}.Release|x64.Build.0 = Release|x64
		{C85C26BA-8C22-4D30-83DA-46C3548E6332}.Release|x86.ActiveCfg = Release|Win32
		{C85C26BA-8C22-4D30-83DA-46C3548E6332}.Release|x86.Build.0 = Release|Win32
	EndGlobalSection
	GlobalSection(SolutionProperties) = preSolution
		HideSolutionNode = FALSE
	EndGlobalSection
	GlobalSection(ExtensibilityGlobals) = postSolution
		SolutionGuid = {0381E37B-8914-4CDD-9DBF-2D2F7EACEAE0}
	EndGlobalSection
EndGlobal
